// !$*UTF8*$!
{
	archiveVersion = 1;
	classes = {
	};
	objectVersion = 46;
	objects = {

/* Begin PBXBuildFile section */
		1830A3351A7055E2007A53AC /* main.m in Sources */ = {isa = PBXBuildFile; fileRef = 1830A3341A7055E2007A53AC /* main.m */; };
		1830A3381A7055E2007A53AC /* AppDelegate.m in Sources */ = {isa = PBXBuildFile; fileRef = 1830A3371A7055E2007A53AC /* AppDelegate.m */; };
		1830A33E1A7055E2007A53AC /* Main.storyboard in Resources */ = {isa = PBXBuildFile; fileRef = 1830A33C1A7055E2007A53AC /* Main.storyboard */; };
		1830A3401A7055E2007A53AC /* Images.xcassets in Resources */ = {isa = PBXBuildFile; fileRef = 1830A33F1A7055E2007A53AC /* Images.xcassets */; };
		1830A3431A7055E2007A53AC /* LaunchScreen.xib in Resources */ = {isa = PBXBuildFile; fileRef = 1830A3411A7055E2007A53AC /* LaunchScreen.xib */; };
		1830A34F1A7055E2007A53AC /* ZaHunterTests.m in Sources */ = {isa = PBXBuildFile; fileRef = 1830A34E1A7055E2007A53AC /* ZaHunterTests.m */; };
		1830A35A1A706B9A007A53AC /* MapViewController.m in Sources */ = {isa = PBXBuildFile; fileRef = 1830A3591A706B9A007A53AC /* MapViewController.m */; };
		1830A35D1A706BBA007A53AC /* RootViewController.m in Sources */ = {isa = PBXBuildFile; fileRef = 1830A35C1A706BBA007A53AC /* RootViewController.m */; };
		1830A35F1A706D3C007A53AC /* MapKit.framework in Frameworks */ = {isa = PBXBuildFile; fileRef = 1830A35E1A706D3C007A53AC /* MapKit.framework */; };
		1830A3611A706D42007A53AC /* CoreLocation.framework in Frameworks */ = {isa = PBXBuildFile; fileRef = 1830A3601A706D42007A53AC /* CoreLocation.framework */; };
		1830A3641A706EE8007A53AC /* Pizzeria.m in Sources */ = {isa = PBXBuildFile; fileRef = 1830A3631A706EE8007A53AC /* Pizzeria.m */; };
/* End PBXBuildFile section */

/* Begin PBXContainerItemProxy section */
		1830A3491A7055E2007A53AC /* PBXContainerItemProxy */ = {
			isa = PBXContainerItemProxy;
			containerPortal = 1830A3271A7055E2007A53AC /* Project object */;
			proxyType = 1;
			remoteGlobalIDString = 1830A32E1A7055E2007A53AC;
			remoteInfo = ZaHunter;
		};
/* End PBXContainerItemProxy section */

/* Begin PBXFileReference section */
		1830A32F1A7055E2007A53AC /* ZaHunter.app */ = {isa = PBXFileReference; explicitFileType = wrapper.application; includeInIndex = 0; path = ZaHunter.app; sourceTree = BUILT_PRODUCTS_DIR; };
		1830A3331A7055E2007A53AC /* Info.plist */ = {isa = PBXFileReference; lastKnownFileType = text.plist.xml; path = Info.plist; sourceTree = "<group>"; };
		1830A3341A7055E2007A53AC /* main.m */ = {isa = PBXFileReference; lastKnownFileType = sourcecode.c.objc; path = main.m; sourceTree = "<group>"; };
		1830A3361A7055E2007A53AC /* AppDelegate.h */ = {isa = PBXFileReference; lastKnownFileType = sourcecode.c.h; path = AppDelegate.h; sourceTree = "<group>"; };
		1830A3371A7055E2007A53AC /* AppDelegate.m */ = {isa = PBXFileReference; lastKnownFileType = sourcecode.c.objc; path = AppDelegate.m; sourceTree = "<group>"; };
		1830A33D1A7055E2007A53AC /* Base */ = {isa = PBXFileReference; lastKnownFileType = file.storyboard; name = Base; path = Base.lproj/Main.storyboard; sourceTree = "<group>"; };
		1830A33F1A7055E2007A53AC /* Images.xcassets */ = {isa = PBXFileReference; lastKnownFileType = folder.assetcatalog; path = Images.xcassets; sourceTree = "<group>"; };
		1830A3421A7055E2007A53AC /* Base */ = {isa = PBXFileReference; lastKnownFileType = file.xib; name = Base; path = Base.lproj/LaunchScreen.xib; sourceTree = "<group>"; };
		1830A3481A7055E2007A53AC /* ZaHunterTests.xctest */ = {isa = PBXFileReference; explicitFileType = wrapper.cfbundle; includeInIndex = 0; path = ZaHunterTests.xctest; sourceTree = BUILT_PRODUCTS_DIR; };
		1830A34D1A7055E2007A53AC /* Info.plist */ = {isa = PBXFileReference; lastKnownFileType = text.plist.xml; path = Info.plist; sourceTree = "<group>"; };
		1830A34E1A7055E2007A53AC /* ZaHunterTests.m */ = {isa = PBXFileReference; lastKnownFileType = sourcecode.c.objc; path = ZaHunterTests.m; sourceTree = "<group>"; };
		1830A3581A706B9A007A53AC /* MapViewController.h */ = {isa = PBXFileReference; fileEncoding = 4; lastKnownFileType = sourcecode.c.h; path = MapViewController.h; sourceTree = "<group>"; };
		1830A3591A706B9A007A53AC /* MapViewController.m */ = {isa = PBXFileReference; fileEncoding = 4; lastKnownFileType = sourcecode.c.objc; path = MapViewController.m; sourceTree = "<group>"; };
		1830A35B1A706BBA007A53AC /* RootViewController.h */ = {isa = PBXFileReference; fileEncoding = 4; lastKnownFileType = sourcecode.c.h; path = RootViewController.h; sourceTree = "<group>"; };
		1830A35C1A706BBA007A53AC /* RootViewController.m */ = {isa = PBXFileReference; fileEncoding = 4; lastKnownFileType = sourcecode.c.objc; path = RootViewController.m; sourceTree = "<group>"; };
		1830A35E1A706D3C007A53AC /* MapKit.framework */ = {isa = PBXFileReference; lastKnownFileType = wrapper.framework; name = MapKit.framework; path = System/Library/Frameworks/MapKit.framework; sourceTree = SDKROOT; };
		1830A3601A706D42007A53AC /* CoreLocation.framework */ = {isa = PBXFileReference; lastKnownFileType = wrapper.framework; name = CoreLocation.framework; path = System/Library/Frameworks/CoreLocation.framework; sourceTree = SDKROOT; };
		1830A3621A706EE8007A53AC /* Pizzeria.h */ = {isa = PBXFileReference; fileEncoding = 4; lastKnownFileType = sourcecode.c.h; path = Pizzeria.h; sourceTree = "<group>"; };
		1830A3631A706EE8007A53AC /* Pizzeria.m */ = {isa = PBXFileReference; fileEncoding = 4; lastKnownFileType = sourcecode.c.objc; path = Pizzeria.m; sourceTree = "<group>"; };
/* End PBXFileReference section */

/* Begin PBXFrameworksBuildPhase section */
		1830A32C1A7055E2007A53AC /* Frameworks */ = {
			isa = PBXFrameworksBuildPhase;
			buildActionMask = 2147483647;
			files = (
				1830A3611A706D42007A53AC /* CoreLocation.framework in Frameworks */,
				1830A35F1A706D3C007A53AC /* MapKit.framework in Frameworks */,
			);
			runOnlyForDeploymentPostprocessing = 0;
		};
		1830A3451A7055E2007A53AC /* Frameworks */ = {
			isa = PBXFrameworksBuildPhase;
			buildActionMask = 2147483647;
			files = (
			);
			runOnlyForDeploymentPostprocessing = 0;
		};
/* End PBXFrameworksBuildPhase section */

/* Begin PBXGroup section */
		0F27E6141A70804C004DE688 /* Views */ = {
			isa = PBXGroup;
			children = (
				1830A35B1A706BBA007A53AC /* RootViewController.h */,
				1830A35C1A706BBA007A53AC /* RootViewController.m */,
				1830A3581A706B9A007A53AC /* MapViewController.h */,
				1830A3591A706B9A007A53AC /* MapViewController.m */,
			);
			name = Views;
			sourceTree = "<group>";
		};
		1830A3261A7055E2007A53AC = {
			isa = PBXGroup;
			children = (
				1830A3601A706D42007A53AC /* CoreLocation.framework */,
				1830A35E1A706D3C007A53AC /* MapKit.framework */,
				1830A3311A7055E2007A53AC /* ZaHunter */,
				1830A34B1A7055E2007A53AC /* ZaHunterTests */,
				1830A3301A7055E2007A53AC /* Products */,
			);
			sourceTree = "<group>";
		};
		1830A3301A7055E2007A53AC /* Products */ = {
			isa = PBXGroup;
			children = (
				1830A32F1A7055E2007A53AC /* ZaHunter.app */,
				1830A3481A7055E2007A53AC /* ZaHunterTests.xctest */,
			);
			name = Products;
			sourceTree = "<group>";
		};
		1830A3311A7055E2007A53AC /* ZaHunter */ = {
			isa = PBXGroup;
			children = (
				1830A3361A7055E2007A53AC /* AppDelegate.h */,
				1830A3371A7055E2007A53AC /* AppDelegate.m */,
				0F27E6141A70804C004DE688 /* Views */,
				1830A33C1A7055E2007A53AC /* Main.storyboard */,
				1830A3621A706EE8007A53AC /* Pizzeria.h */,
				1830A3631A706EE8007A53AC /* Pizzeria.m */,
				1830A33F1A7055E2007A53AC /* Images.xcassets */,
				1830A3411A7055E2007A53AC /* LaunchScreen.xib */,
				1830A3321A7055E2007A53AC /* Supporting Files */,
			);
			path = ZaHunter;
			sourceTree = "<group>";
		};
		1830A3321A7055E2007A53AC /* Supporting Files */ = {
			isa = PBXGroup;
			children = (
				1830A3331A7055E2007A53AC /* Info.plist */,
				1830A3341A7055E2007A53AC /* main.m */,
			);
			name = "Supporting Files";
			sourceTree = "<group>";
		};
		1830A34B1A7055E2007A53AC /* ZaHunterTests */ = {
			isa = PBXGroup;
			children = (
				1830A34E1A7055E2007A53AC /* ZaHunterTests.m */,
				1830A34C1A7055E2007A53AC /* Supporting Files */,
			);
			path = ZaHunterTests;
			sourceTree = "<group>";
		};
		1830A34C1A7055E2007A53AC /* Supporting Files */ = {
			isa = PBXGroup;
			children = (
				1830A34D1A7055E2007A53AC /* Info.plist */,
			);
			name = "Supporting Files";
			sourceTree = "<group>";
		};
/* End PBXGroup section */

/* Begin PBXNativeTarget section */
		1830A32E1A7055E2007A53AC /* ZaHunter */ = {
			isa = PBXNativeTarget;
			buildConfigurationList = 1830A3521A7055E2007A53AC /* Build configuration list for PBXNativeTarget "ZaHunter" */;
			buildPhases = (
				1830A32B1A7055E2007A53AC /* Sources */,
				1830A32C1A7055E2007A53AC /* Frameworks */,
				1830A32D1A7055E2007A53AC /* Resources */,
			);
			buildRules = (
			);
			dependencies = (
			);
			name = ZaHunter;
			productName = ZaHunter;
			productReference = 1830A32F1A7055E2007A53AC /* ZaHunter.app */;
			productType = "com.apple.product-type.application";
		};
		1830A3471A7055E2007A53AC /* ZaHunterTests */ = {
			isa = PBXNativeTarget;
			buildConfigurationList = 1830A3551A7055E2007A53AC /* Build configuration list for PBXNativeTarget "ZaHunterTests" */;
			buildPhases = (
				1830A3441A7055E2007A53AC /* Sources */,
				1830A3451A7055E2007A53AC /* Frameworks */,
				1830A3461A7055E2007A53AC /* Resources */,
			);
			buildRules = (
			);
			dependencies = (
				1830A34A1A7055E2007A53AC /* PBXTargetDependency */,
			);
			name = ZaHunterTests;
			productName = ZaHunterTests;
			productReference = 1830A3481A7055E2007A53AC /* ZaHunterTests.xctest */;
			productType = "com.apple.product-type.bundle.unit-test";
		};
/* End PBXNativeTarget section */

/* Begin PBXProject section */
		1830A3271A7055E2007A53AC /* Project object */ = {
			isa = PBXProject;
			attributes = {
				LastUpgradeCheck = 0620;
				ORGANIZATIONNAME = MobileMakers;
				TargetAttributes = {
					1830A32E1A7055E2007A53AC = {
						CreatedOnToolsVersion = 6.2;
					};
					1830A3471A7055E2007A53AC = {
						CreatedOnToolsVersion = 6.2;
						TestTargetID = 1830A32E1A7055E2007A53AC;
					};
				};
			};
			buildConfigurationList = 1830A32A1A7055E2007A53AC /* Build configuration list for PBXProject "ZaHunter" */;
			compatibilityVersion = "Xcode 3.2";
			developmentRegion = English;
			hasScannedForEncodings = 0;
			knownRegions = (
				en,
				Base,
			);
			mainGroup = 1830A3261A7055E2007A53AC;
			productRefGroup = 1830A3301A7055E2007A53AC /* Products */;
			projectDirPath = "";
			projectRoot = "";
			targets = (
				1830A32E1A7055E2007A53AC /* ZaHunter */,
				1830A3471A7055E2007A53AC /* ZaHunterTests */,
			);
		};
/* End PBXProject section */

/* Begin PBXResourcesBuildPhase section */
		1830A32D1A7055E2007A53AC /* Resources */ = {
			isa = PBXResourcesBuildPhase;
			buildActionMask = 2147483647;
			files = (
				1830A33E1A7055E2007A53AC /* Main.storyboard in Resources */,
				1830A3431A7055E2007A53AC /* LaunchScreen.xib in Resources */,
				1830A3401A7055E2007A53AC /* Images.xcassets in Resources */,
			);
			runOnlyForDeploymentPostprocessing = 0;
		};
		1830A3461A7055E2007A53AC /* Resources */ = {
			isa = PBXResourcesBuildPhase;
			buildActionMask = 2147483647;
			files = (
			);
			runOnlyForDeploymentPostprocessing = 0;
		};
/* End PBXResourcesBuildPhase section */

/* Begin PBXSourcesBuildPhase section */
		1830A32B1A7055E2007A53AC /* Sources */ = {
			isa = PBXSourcesBuildPhase;
			buildActionMask = 2147483647;
			files = (
				1830A35A1A706B9A007A53AC /* MapViewController.m in Sources */,
				1830A3381A7055E2007A53AC /* AppDelegate.m in Sources */,
				1830A3641A706EE8007A53AC /* Pizzeria.m in Sources */,
				1830A35D1A706BBA007A53AC /* RootViewController.m in Sources */,
				1830A3351A7055E2007A53AC /* main.m in Sources */,
			);
			runOnlyForDeploymentPostprocessing = 0;
		};
		1830A3441A7055E2007A53AC /* Sources */ = {
			isa = PBXSourcesBuildPhase;
			buildActionMask = 2147483647;
			files = (
				1830A34F1A7055E2007A53AC /* ZaHunterTests.m in Sources */,
			);
			runOnlyForDeploymentPostprocessing = 0;
		};
/* End PBXSourcesBuildPhase section */

/* Begin PBXTargetDependency section */
		1830A34A1A7055E2007A53AC /* PBXTargetDependency */ = {
			isa = PBXTargetDependency;
			target = 1830A32E1A7055E2007A53AC /* ZaHunter */;
			targetProxy = 1830A3491A7055E2007A53AC /* PBXContainerItemProxy */;
		};
/* End PBXTargetDependency section */

/* Begin PBXVariantGroup section */
		1830A33C1A7055E2007A53AC /* Main.storyboard */ = {
			isa = PBXVariantGroup;
			children = (
				1830A33D1A7055E2007A53AC /* Base */,
			);
			name = Main.storyboard;
			sourceTree = "<group>";
		};
		1830A3411A7055E2007A53AC /* LaunchScreen.xib */ = {
			isa = PBXVariantGroup;
			children = (
				1830A3421A7055E2007A53AC /* Base */,
			);
			name = LaunchScreen.xib;
			sourceTree = "<group>";
		};
/* End PBXVariantGroup section */

/* Begin XCBuildConfiguration section */
		1830A3501A7055E2007A53AC /* Debug */ = {
			isa = XCBuildConfiguration;
			buildSettings = {
				ALWAYS_SEARCH_USER_PATHS = NO;
				CLANG_CXX_LANGUAGE_STANDARD = "gnu++0x";
				CLANG_CXX_LIBRARY = "libc++";
				CLANG_ENABLE_MODULES = YES;
				CLANG_ENABLE_OBJC_ARC = YES;
				CLANG_WARN_BOOL_CONVERSION = YES;
				CLANG_WARN_CONSTANT_CONVERSION = YES;
				CLANG_WARN_DIRECT_OBJC_ISA_USAGE = YES_ERROR;
				CLANG_WARN_EMPTY_BODY = YES;
				CLANG_WARN_ENUM_CONVERSION = YES;
				CLANG_WARN_INT_CONVERSION = YES;
				CLANG_WARN_OBJC_ROOT_CLASS = YES_ERROR;
				CLANG_WARN_UNREACHABLE_CODE = YES;
				CLANG_WARN__DUPLICATE_METHOD_MATCH = YES;
				"CODE_SIGN_IDENTITY[sdk=iphoneos*]" = "iPhone Developer";
				COPY_PHASE_STRIP = NO;
				ENABLE_STRICT_OBJC_MSGSEND = YES;
				GCC_C_LANGUAGE_STANDARD = gnu99;
				GCC_DYNAMIC_NO_PIC = NO;
				GCC_OPTIMIZATION_LEVEL = 0;
				GCC_PREPROCESSOR_DEFINITIONS = (
					"DEBUG=1",
					"$(inherited)",
				);
				GCC_SYMBOLS_PRIVATE_EXTERN = NO;
				GCC_WARN_64_TO_32_BIT_CONVERSION = YES;
				GCC_WARN_ABOUT_RETURN_TYPE = YES_ERROR;
				GCC_WARN_UNDECLARED_SELECTOR = YES;
				GCC_WARN_UNINITIALIZED_AUTOS = YES_AGGRESSIVE;
				GCC_WARN_UNUSED_FUNCTION = YES;
				GCC_WARN_UNUSED_VARIABLE = YES;
				IPHONEOS_DEPLOYMENT_TARGET = 8.2;
				MTL_ENABLE_DEBUG_INFO = YES;
				ONLY_ACTIVE_ARCH = YES;
				SDKROOT = iphoneos;
			};
			name = Debug;
		};
		1830A3511A7055E2007A53AC /* Release */ = {
			isa = XCBuildConfiguration;
			buildSettings = {
				ALWAYS_SEARCH_USER_PATHS = NO;
				CLANG_CXX_LANGUAGE_STANDARD = "gnu++0x";
				CLANG_CXX_LIBRARY = "libc++";
				CLANG_ENABLE_MODULES = YES;
				CLANG_ENABLE_OBJC_ARC = YES;
				CLANG_WARN_BOOL_CONVERSION = YES;
				CLANG_WARN_CONSTANT_CONVERSION = YES;
				CLANG_WARN_DIRECT_OBJC_ISA_USAGE = YES_ERROR;
				CLANG_WARN_EMPTY_BODY = YES;
				CLANG_WARN_ENUM_CONVERSION = YES;
				CLANG_WARN_INT_CONVERSION = YES;
				CLANG_WARN_OBJC_ROOT_CLASS = YES_ERROR;
				CLANG_WARN_UNREACHABLE_CODE = YES;
				CLANG_WARN__DUPLICATE_METHOD_MATCH = YES;
				"CODE_SIGN_IDENTITY[sdk=iphoneos*]" = "iPhone Developer";
				COPY_PHASE_STRIP = YES;
				ENABLE_NS_ASSERTIONS = NO;
				ENABLE_STRICT_OBJC_MSGSEND = YES;
				GCC_C_LANGUAGE_STANDARD = gnu99;
				GCC_WARN_64_TO_32_BIT_CONVERSION = YES;
				GCC_WARN_ABOUT_RETURN_TYPE = YES_ERROR;
				GCC_WARN_UNDECLARED_SELECTOR = YES;
				GCC_WARN_UNINITIALIZED_AUTOS = YES_AGGRESSIVE;
				GCC_WARN_UNUSED_FUNCTION = YES;
				GCC_WARN_UNUSED_VARIABLE = YES;
				IPHONEOS_DEPLOYMENT_TARGET = 8.2;
				MTL_ENABLE_DEBUG_INFO = NO;
				SDKROOT = iphoneos;
				VALIDATE_PRODUCT = YES;
			};
			name = Release;
		};
		1830A3531A7055E2007A53AC /* Debug */ = {
			isa = XCBuildConfiguration;
			buildSettings = {
				ASSETCATALOG_COMPILER_APPICON_NAME = AppIcon;
				INFOPLIST_FILE = ZaHunter/Info.plist;
				IPHONEOS_DEPLOYMENT_TARGET = 8.0;
				LD_RUNPATH_SEARCH_PATHS = "$(inherited) @executable_path/Frameworks";
				PRODUCT_NAME = "$(TARGET_NAME)";
			};
			name = Debug;
		};
		1830A3541A7055E2007A53AC /* Release */ = {
			isa = XCBuildConfiguration;
			buildSettings = {
				ASSETCATALOG_COMPILER_APPICON_NAME = AppIcon;
				INFOPLIST_FILE = ZaHunter/Info.plist;
				IPHONEOS_DEPLOYMENT_TARGET = 8.0;
				LD_RUNPATH_SEARCH_PATHS = "$(inherited) @executable_path/Frameworks";
				PRODUCT_NAME = "$(TARGET_NAME)";
			};
			name = Release;
		};
		1830A3561A7055E2007A53AC /* Debug */ = {
			isa = XCBuildConfiguration;
			buildSettings = {
				BUNDLE_LOADER = "$(TEST_HOST)";
				FRAMEWORK_SEARCH_PATHS = (
					"$(SDKROOT)/Developer/Library/Frameworks",
					"$(inherited)",
				);
				GCC_PREPROCESSOR_DEFINITIONS = (
					"DEBUG=1",
					"$(inherited)",
				);
				INFOPLIST_FILE = ZaHunterTests/Info.plist;
				LD_RUNPATH_SEARCH_PATHS = "$(inherited) @executable_path/Frameworks @loader_path/Frameworks";
				PRODUCT_NAME = "$(TARGET_NAME)";
				TEST_HOST = "$(BUILT_PRODUCTS_DIR)/ZaHunter.app/ZaHunter";
			};
			name = Debug;
		};
		1830A3571A7055E2007A53AC /* Release */ = {
			isa = XCBuildConfiguration;
			buildSettings = {
				BUNDLE_LOADER = "$(TEST_HOST)";
				FRAMEWORK_SEARCH_PATHS = (
					"$(SDKROOT)/Developer/Library/Frameworks",
					"$(inherited)",
				);
				INFOPLIST_FILE = ZaHunterTests/Info.plist;
				LD_RUNPATH_SEARCH_PATHS = "$(inherited) @executable_path/Frameworks @loader_path/Frameworks";
				PRODUCT_NAME = "$(TARGET_NAME)";
				TEST_HOST = "$(BUILT_PRODUCTS_DIR)/ZaHunter.app/ZaHunter";
			};
			name = Release;
		};
/* End XCBuildConfiguration section */

/* Begin XCConfigurationList section */
		1830A32A1A7055E2007A53AC /* Build configuration list for PBXProject "ZaHunter" */ = {
			isa = XCConfigurationList;
			buildConfigurations = (
				1830A3501A7055E2007A53AC /* Debug */,
				1830A3511A7055E2007A53AC /* Release */,
			);
			defaultConfigurationIsVisible = 0;
			defaultConfigurationName = Release;
		};
		1830A3521A7055E2007A53AC /* Build configuration list for PBXNativeTarget "ZaHunter" */ = {
			isa = XCConfigurationList;
			buildConfigurations = (
				1830A3531A7055E2007A53AC /* Debug */,
				1830A3541A7055E2007A53AC /* Release */,
			);
			defaultConfigurationIsVisible = 0;
			defaultConfigurationName = Release;
		};
		1830A3551A7055E2007A53AC /* Build configuration list for PBXNativeTarget "ZaHunterTests" */ = {
			isa = XCConfigurationList;
			buildConfigurations = (
				1830A3561A7055E2007A53AC /* Debug */,
				1830A3571A7055E2007A53AC /* Release */,
			);
			defaultConfigurationIsVisible = 0;
			defaultConfigurationName = Release;
		};
/* End XCConfigurationList section */
	};
	rootObject = 1830A3271A7055E2007A53AC /* Project object */;
}
